
Microsoft Visual Studio Solution File, Format Version 12.00
# Visual Studio Version 17
VisualStudioVersion = 17.1.32421.90
MinimumVisualStudioVersion = 10.0.40219.1
Project("{FAE04EC0-301F-11D3-BF4B-00C04F79EFBC}") = "DatingZone", "DatingZone\DatingZone.csproj", "{D3FA7471-87B4-4A35-8FC9-AAB15DCC7F30}"
EndProject
Global
	GlobalSection(SolutionConfigurationPlatforms) = preSolution
		Debug|Any CPU = Debug|Any CPU
		Release|Any CPU = Release|Any CPU
	EndGlobalSection
	GlobalSection(ProjectConfigurationPlatforms) = postSolution
		{D3FA7471-87B4-4A35-8FC9-AAB15DCC7F30}.Debug|Any CPU.ActiveCfg = Debug|Any CPU
		{D3FA7471-87B4-4A35-8FC9-AAB15DCC7F30}.Debug|Any CPU.Build.0 = Debug|Any CPU
		{D3FA7471-87B4-4A35-8FC9-AAB15DCC7F30}.Release|Any CPU.ActiveCfg = Release|Any CPU
		{D3FA7471-87B4-4A35-8FC9-AAB15DCC7F30}.Release|Any CPU.Build.0 = Release|Any CPU
	EndGlobalSection
	GlobalSection(SolutionProperties) = preSolution
		HideSolutionNode = FALSE
	EndGlobalSection
	GlobalSection(ExtensibilityGlobals) = postSolution
		SolutionGuid = {3185DBA3-A395-4E2E-B704-D35122597FE0}
	EndGlobalSection
EndGlobal
